<?xml version="1.0" encoding="utf-8"?>
<Project ToolsVersion="4.0" xmlns="http://schemas.microsoft.com/developer/msbuild/2003">
  <ItemGroup>
    <ClCompile Include="Application.cpp" />
    <ClCompile Include="Camera.cpp" />
    <ClCompile Include="ComponentFabric.cpp" />
    <ClCompile Include="external\ImGuiTextEditor\TextEditor.cpp" />
    <ClCompile Include="external\ImGuizmo\ImGuizmo.cpp" />
    <ClCompile Include="external\ImGuizmo\ImSequencer.cpp" />
    <ClCompile Include="external\ImGui\imgui.cpp" />
    <ClCompile Include="external\ImGui\imgui_demo.cpp" />
    <ClCompile Include="external\ImGui\imgui_draw.cpp" />
    <ClCompile Include="external\ImGui\imgui_impl_sdl_gl3.cpp" />
    <ClCompile Include="GameObject.cpp" />
    <ClCompile Include="json_serializer.cpp" />
    <ClCompile Include="KDTree.cpp" />
    <ClCompile Include="KDTreeNode.cpp" />
    <ClCompile Include="Log.cpp" />
    <ClCompile Include="Main.cpp" />
    <ClCompile Include="Material.cpp" />
    <ClCompile Include="Mesh.cpp" />
    <ClCompile Include="MeshFilter.cpp" />
    <ClCompile Include="MeshRenderer.cpp" />
    <ClCompile Include="ModuleCamera.cpp" />
    <ClCompile Include="ModuleEntity.cpp" />
    <ClCompile Include="ModuleInput.cpp" />
    <ClCompile Include="ModuleRender.cpp" />
    <ClCompile Include="ModuleScene.cpp" />
    <ClCompile Include="ModuleShader.cpp" />
    <ClCompile Include="ModuleTexture.cpp" />
    <ClCompile Include="ModuleUI.cpp" />
    <ClCompile Include="ModuleWindow.cpp" />
    <ClCompile Include="Octree.cpp" />
    <ClCompile Include="OctreeNode.cpp" />
    <ClCompile Include="Quadtree.cpp" />
    <ClCompile Include="QuadtreeNode.cpp" />
    <ClCompile Include="Texture.cpp" />
    <ClCompile Include="Transform.cpp" />
    <ClCompile Include="Tree.cpp" />
    <ClCompile Include="TreeNode.cpp" />
  </ItemGroup>
  <ItemGroup>
    <ClInclude Include="Application.h" />
    <ClInclude Include="Brofiler.h" />
    <ClInclude Include="Camera.h" />
    <ClInclude Include="Component.h" />
    <ClInclude Include="ComponentFabric.h" />
    <ClInclude Include="external\devil\include\DevIL.h" />
    <ClInclude Include="external\ImGuiTextEditor\TextEditor.h" />
    <ClInclude Include="external\ImGuizmo\ImGuizmo.h" />
    <ClInclude Include="external\ImGuizmo\ImSequencer.h" />
    <ClInclude Include="external\ImGui\imconfig.h" />
    <ClInclude Include="external\ImGui\imgui.h" />
    <ClInclude Include="external\ImGui\imgui_internal.h" />
    <ClInclude Include="external\ImGui\stb_rect_pack.h" />
    <ClInclude Include="external\ImGui\stb_textedit.h" />
    <ClInclude Include="external\ImGui\stb_truetype.h" />
    <ClInclude Include="GameObject.h" />
    <ClInclude Include="Globals.h" />
    <ClInclude Include="json_serializer.h" />
    <ClInclude Include="KDTree.h" />
    <ClInclude Include="KDTreeNode.h" />
    <ClInclude Include="Material.h" />
    <ClInclude Include="MemLeaks.h" />
    <ClInclude Include="Mesh.h" />
    <ClInclude Include="MeshFilter.h" />
    <ClInclude Include="MeshRenderer.h" />
    <ClInclude Include="Module.h" />
    <ClInclude Include="ModuleCamera.h" />
    <ClInclude Include="ModuleEntity.h" />
    <ClInclude Include="ModuleInput.h" />
    <ClInclude Include="ModuleRender.h" />
    <ClInclude Include="ModuleScene.h" />
    <ClInclude Include="ModuleShader.h" />
    <ClInclude Include="ModuleTexture.h" />
    <ClInclude Include="ModuleUI.h" />
    <ClInclude Include="ModuleWindow.h" />
    <ClInclude Include="Octree.h" />
    <ClInclude Include="OctreeNode.h" />
    <ClInclude Include="Quadtree.h" />
    <ClInclude Include="QuadtreeNode.h" />
    <ClInclude Include="Texture.h" />
    <ClInclude Include="Transform.h" />
    <ClInclude Include="Tree.h" />
    <ClInclude Include="TreeNode.h" />
  </ItemGroup>
</Project>