<?xml version="1.0" encoding="utf-8"?>
<Project ToolsVersion="4.0" xmlns="http://schemas.microsoft.com/developer/msbuild/2003">
  <ItemGroup>
    <ClCompile Include="Application.cpp" />
    <ClCompile Include="Log.cpp" />
    <ClCompile Include="Main.cpp" />
    <ClCompile Include="ModuleWindow.cpp">
      <Filter>Modules</Filter>
    </ClCompile>
    <ClCompile Include="ModuleRender.cpp">
      <Filter>Modules</Filter>
    </ClCompile>
    <ClCompile Include="ModuleInput.cpp">
      <Filter>Modules</Filter>
    </ClCompile>
    <ClCompile Include="ModuleTestJson.cpp" />
    <ClCompile Include="ModuleTestMathGeoLib.cpp" />
    <ClCompile Include="external\ImGui\imgui.cpp" />
    <ClCompile Include="external\ImGui\imgui_demo.cpp" />
    <ClCompile Include="external\ImGui\imgui_draw.cpp" />
    <ClCompile Include="ModuleUI.cpp" />
    <ClCompile Include="external\ImGui\imgui_impl_sdl_gl3.cpp" />
    <ClCompile Include="json_serializer.cpp" />
    <ClCompile Include="ModuleCamera.cpp" />
    <ClCompile Include="ModuleShader.cpp" />
    <ClCompile Include="Shader.cpp" />
    <ClCompile Include="external\ImGuiTextEditor\TextEditor.cpp" />
    <ClCompile Include="Transform.cpp" />
    <ClCompile Include="GameObject.cpp" />
    <ClCompile Include="ModuleScene.cpp" />
  </ItemGroup>
  <ItemGroup>
    <ClInclude Include="Application.h" />
    <ClInclude Include="Globals.h" />
    <ClInclude Include="MemLeaks.h" />
    <ClInclude Include="ModuleWindow.h">
      <Filter>Modules</Filter>
    </ClInclude>
    <ClInclude Include="ModuleRender.h">
      <Filter>Modules</Filter>
    </ClInclude>
    <ClInclude Include="ModuleInput.h">
      <Filter>Modules</Filter>
    </ClInclude>
    <ClInclude Include="Module.h">
      <Filter>Modules</Filter>
    </ClInclude>
    <ClInclude Include="ModuleTestJson.h" />
    <ClInclude Include="ModuleTestMathGeoLib.h" />
    <ClInclude Include="external\ImGui\imconfig.h" />
    <ClInclude Include="external\ImGui\imgui.h" />
    <ClInclude Include="external\ImGui\imgui_internal.h" />
    <ClInclude Include="external\ImGui\stb_rect_pack.h" />
    <ClInclude Include="external\ImGui\stb_textedit.h" />
    <ClInclude Include="external\ImGui\stb_truetype.h" />
    <ClInclude Include="external\ImGui\ModuloUI.h" />
    <ClInclude Include="external\ImGui\ModuleUI.h" />
    <ClInclude Include="ModuleUI.h" />
    <ClInclude Include="json_serializer.h" />
    <ClInclude Include="ModuleCamera.h" />
    <ClInclude Include="external\devil\include\DevIL.h" />
    <ClInclude Include="ModuleShader.h" />
    <ClInclude Include="Shader.h" />
    <ClInclude Include="external\ImGuiTextEditor\TextEditor.h" />
    <ClInclude Include="GameObject.h" />
    <ClInclude Include="Transform.h" />
    <ClInclude Include="Component.h" />
    <ClInclude Include="ModuleScene.h" />
  </ItemGroup>
  <ItemGroup>
    <Filter Include="Utils">
      <UniqueIdentifier>{cc0ce3c9-6b5c-44eb-bdef-bc34bdd0adf4}</UniqueIdentifier>
    </Filter>
    <Filter Include="Modules">
      <UniqueIdentifier>{e1ecea74-1d22-44b6-9bc3-cd60e461360d}</UniqueIdentifier>
    </Filter>
    <Filter Include="Components">
      <UniqueIdentifier>{a96cec8a-42ee-453d-910a-622ae39e92cf}</UniqueIdentifier>
    </Filter>
    <Filter Include="Entities">
      <UniqueIdentifier>{01380f7f-a4ed-4758-b89f-e430ec5dfc0a}</UniqueIdentifier>
    </Filter>
  </ItemGroup>
</Project>